<?xml version="1.0" encoding="utf-8"?>
<Project ToolsVersion="4.0" xmlns="http://schemas.microsoft.com/developer/msbuild/2003">
  <ItemGroup>
    <Filter Include="Source Files">
      <UniqueIdentifier>{4FC737F1-C7A5-4376-A066-2A32D752A2FF}</UniqueIdentifier>
      <Extensions>cpp;c;cc;cxx;c++;cppm;ixx;def;odl;idl;hpj;bat;asm;asmx</Extensions>
    </Filter>
    <Filter Include="Header Files">
      <UniqueIdentifier>{93995380-89BD-4b04-88EB-625FBE52EBFB}</UniqueIdentifier>
      <Extensions>h;hh;hpp;hxx;h++;hm;inl;inc;ipp;xsd</Extensions>
    </Filter>
    <Filter Include="Resource Files">
      <UniqueIdentifier>{67DA6AB6-F800-4c08-8B7A-83BB121AAD01}</UniqueIdentifier>
      <Extensions>rc;ico;cur;bmp;dlg;rc2;rct;bin;rgs;gif;jpg;jpeg;jpe;resx;tiff;tif;png;wav;mfcribbon-ms</Extensions>
    </Filter>
  </ItemGroup>
  <ItemGroup>
    <ClCompile Include="..\..\epiconlineservices_cpp\DesktopExtensionTools.cpp">
      <Filter>Source Files</Filter>
    </ClCompile>
    <ClCompile Include="..\..\epiconlineservices_cpp\dllmain.cpp">
      <Filter>Source Files</Filter>
    </ClCompile>
    <ClCompile Include="..\..\epiconlineservices_cpp\pch.cpp">
      <Filter>Source Files</Filter>
    </ClCompile>
    <ClCompile Include="..\..\epiconlineservices_cpp\YYEOS.cpp">
      <Filter>Source Files</Filter>
    </ClCompile>
    <ClCompile Include="..\..\epiconlineservices_cpp\YYEOS_Achievements.cpp">
      <Filter>Source Files</Filter>
    </ClCompile>
    <ClCompile Include="..\..\epiconlineservices_cpp\YYEOS_Auth.cpp">
      <Filter>Source Files</Filter>
    </ClCompile>
    <ClCompile Include="..\..\epiconlineservices_cpp\YYEOS_Connect.cpp">
      <Filter>Source Files</Filter>
    </ClCompile>
    <ClCompile Include="..\..\epiconlineservices_cpp\YYEOS_CustomInvites.cpp">
      <Filter>Source Files</Filter>
    </ClCompile>
    <ClCompile Include="..\..\epiconlineservices_cpp\YYEOS_Ecom.cpp">
      <Filter>Source Files</Filter>
    </ClCompile>
    <ClCompile Include="..\..\epiconlineservices_cpp\YYEOS_ExeTest.cpp">
      <Filter>Source Files</Filter>
    </ClCompile>
    <ClCompile Include="..\..\epiconlineservices_cpp\YYEOS_Friends.cpp">
      <Filter>Source Files</Filter>
    </ClCompile>
    <ClCompile Include="..\..\epiconlineservices_cpp\YYEOS_Leaderboards.cpp">
      <Filter>Source Files</Filter>
    </ClCompile>
    <ClCompile Include="..\..\epiconlineservices_cpp\YYEOS_Lobbies.cpp">
      <Filter>Source Files</Filter>
    </ClCompile>
    <ClCompile Include="..\..\epiconlineservices_cpp\YYEOS_Metrics.cpp">
      <Filter>Source Files</Filter>
    </ClCompile>
    <ClCompile Include="..\..\epiconlineservices_cpp\YYEOS_P2P.cpp">
      <Filter>Source Files</Filter>
    </ClCompile>
    <ClCompile Include="..\..\epiconlineservices_cpp\YYEOS_Platform.cpp">
      <Filter>Source Files</Filter>
    </ClCompile>
    <ClCompile Include="..\..\epiconlineservices_cpp\YYEOS_PlayerDataStorage.cpp">
      <Filter>Source Files</Filter>
    </ClCompile>
    <ClCompile Include="..\..\epiconlineservices_cpp\YYEOS_Presence.cpp">
      <Filter>Source Files</Filter>
    </ClCompile>
    <ClCompile Include="..\..\epiconlineservices_cpp\YYEOS_ProgressionSnapshot.cpp">
      <Filter>Source Files</Filter>
    </ClCompile>
    <ClCompile Include="..\..\epiconlineservices_cpp\YYEOS_Reports.cpp">
      <Filter>Source Files</Filter>
    </ClCompile>
    <ClCompile Include="..\..\epiconlineservices_cpp\YYEOS_Sanctions.cpp">
      <Filter>Source Files</Filter>
    </ClCompile>
    <ClCompile Include="..\..\epiconlineservices_cpp\YYEOS_Sessions.cpp">
      <Filter>Source Files</Filter>
    </ClCompile>
    <ClCompile Include="..\..\epiconlineservices_cpp\YYEOS_Stats.cpp">
      <Filter>Source Files</Filter>
    </ClCompile>
    <ClCompile Include="..\..\epiconlineservices_cpp\YYEOS_TitleStorage.cpp">
      <Filter>Source Files</Filter>
    </ClCompile>
    <ClCompile Include="..\..\epiconlineservices_cpp\YYEOS_UI.cpp">
      <Filter>Source Files</Filter>
    </ClCompile>
    <ClCompile Include="..\..\epiconlineservices_cpp\YYEOS_UserInfo.cpp">
      <Filter>Source Files</Filter>
    </ClCompile>
  </ItemGroup>
  <ItemGroup>
    <ClInclude Include="..\..\epiconlineservices_cpp\DesktopExtensionTools.h">
      <Filter>Header Files</Filter>
    </ClInclude>
    <ClInclude Include="..\..\epiconlineservices_cpp\Extension_Interface.h">
      <Filter>Header Files</Filter>
    </ClInclude>
    <ClInclude Include="..\..\epiconlineservices_cpp\framework.h">
      <Filter>Header Files</Filter>
    </ClInclude>
    <ClInclude Include="..\..\epiconlineservices_cpp\pch.h">
      <Filter>Header Files</Filter>
    </ClInclude>
    <ClInclude Include="..\..\epiconlineservices_cpp\Ref.h">
      <Filter>Header Files</Filter>
    </ClInclude>
    <ClInclude Include="..\..\epiconlineservices_cpp\YYEpicOnlineServices.h">
      <Filter>Header Files</Filter>
    </ClInclude>
    <ClInclude Include="..\..\epiconlineservices_cpp\YYRValue.h">
      <Filter>Header Files</Filter>
    </ClInclude>
  </ItemGroup>
</Project>